Microsoft Visual Studio Solution File, Format Version 12.00
# Visual Studio 15
VisualStudioVersion = 15.0.26228.4
MinimumVisualStudioVersion = 10.0.40219.1
Project("{FAE04EC0-301F-11D3-BF4B-00C04F79EFBC}") = "Smalldebts.Core.UI", "Core\Smalldebts.Core.UI.csproj", "{765ADD53-31DD-4530-B0BA-10E718F66D7D}"
EndProject
Project("{FAE04EC0-301F-11D3-BF4B-00C04F79EFBC}") = "Smalldebts.iOS", "iOS\Smalldebts.iOS.csproj", "{306D7612-FDF7-490B-97D1-B93B47085349}"
EndProject
Project("{FAE04EC0-301F-11D3-BF4B-00C04F79EFBC}") = "Smalldebts.Droid", "Droid\Smalldebts.Droid.csproj", "{4BB4B858-2D29-4413-9B15-C665C78F8855}"
EndProject
Project("{D954291E-2A0B-460D-934E-DC6B0785DB48}") = "Smalldebts.IntermediateObjects", "Smalldebts.IntermediateObjects\Smalldebts.IntermediateObjects.shproj", "{7E7BFE89-2282-43D4-A1E7-8E7B23ED8461}"
EndProject
Project("{FAE04EC0-301F-11D3-BF4B-00C04F79EFBC}") = "HttpLogger", "HttpLogger\HttpLogger.csproj", "{67F9D3A8-F71E-4428-913F-C37AE82CDB24}"
EndProject
Global
	GlobalSection(SharedMSBuildProjectFiles) = preSolution
		Smalldebts.IntermediateObjects\Smalldebts.IntermediateObjects.projitems*{765add53-31dd-4530-b0ba-10e718f66d7d}*SharedItemsImports = 4
		Smalldebts.IntermediateObjects\Smalldebts.IntermediateObjects.projitems*{7e7bfe89-2282-43d4-a1e7-8e7b23ed8461}*SharedItemsImports = 13
	EndGlobalSection
	GlobalSection(SolutionConfigurationPlatforms) = preSolution
		Debug|Any CPU = Debug|Any CPU
		Debug|iPhone = Debug|iPhone
		Debug|iPhoneSimulator = Debug|iPhoneSimulator
		Release|Any CPU = Release|Any CPU
		Release|iPhone = Release|iPhone
		Release|iPhoneSimulator = Release|iPhoneSimulator
	EndGlobalSection
	GlobalSection(ProjectConfigurationPlatforms) = postSolution
		{765ADD53-31DD-4530-B0BA-10E718F66D7D}.Debug|Any CPU.ActiveCfg = Debug|Any CPU
		{765ADD53-31DD-4530-B0BA-10E718F66D7D}.Debug|Any CPU.Build.0 = Debug|Any CPU
		{765ADD53-31DD-4530-B0BA-10E718F66D7D}.Debug|iPhone.ActiveCfg = Debug|Any CPU
		{765ADD53-31DD-4530-B0BA-10E718F66D7D}.Debug|iPhone.Build.0 = Debug|Any CPU
		{765ADD53-31DD-4530-B0BA-10E718F66D7D}.Debug|iPhoneSimulator.ActiveCfg = Debug|Any CPU
		{765ADD53-31DD-4530-B0BA-10E718F66D7D}.Debug|iPhoneSimulator.Build.0 = Debug|Any CPU
		{765ADD53-31DD-4530-B0BA-10E718F66D7D}.Release|Any CPU.ActiveCfg = Release|Any CPU
		{765ADD53-31DD-4530-B0BA-10E718F66D7D}.Release|Any CPU.Build.0 = Release|Any CPU
		{765ADD53-31DD-4530-B0BA-10E718F66D7D}.Release|iPhone.ActiveCfg = Release|Any CPU
		{765ADD53-31DD-4530-B0BA-10E718F66D7D}.Release|iPhone.Build.0 = Release|Any CPU
		{765ADD53-31DD-4530-B0BA-10E718F66D7D}.Release|iPhoneSimulator.ActiveCfg = Release|Any CPU
		{765ADD53-31DD-4530-B0BA-10E718F66D7D}.Release|iPhoneSimulator.Build.0 = Release|Any CPU
		{306D7612-FDF7-490B-97D1-B93B47085349}.Debug|Any CPU.ActiveCfg = Debug|iPhoneSimulator
		{306D7612-FDF7-490B-97D1-B93B47085349}.Debug|Any CPU.Build.0 = Debug|iPhoneSimulator
		{306D7612-FDF7-490B-97D1-B93B47085349}.Debug|iPhone.ActiveCfg = Debug|iPhone
		{306D7612-FDF7-490B-97D1-B93B47085349}.Debug|iPhone.Build.0 = Debug|iPhone
		{306D7612-FDF7-490B-97D1-B93B47085349}.Debug|iPhoneSimulator.ActiveCfg = Debug|iPhoneSimulator
		{306D7612-FDF7-490B-97D1-B93B47085349}.Debug|iPhoneSimulator.Build.0 = Debug|iPhoneSimulator
		{306D7612-FDF7-490B-97D1-B93B47085349}.Release|Any CPU.ActiveCfg = Release|iPhone
		{306D7612-FDF7-490B-97D1-B93B47085349}.Release|Any CPU.Build.0 = Release|iPhone
		{306D7612-FDF7-490B-97D1-B93B47085349}.Release|iPhone.ActiveCfg = Release|iPhone
		{306D7612-FDF7-490B-97D1-B93B47085349}.Release|iPhone.Build.0 = Release|iPhone
		{306D7612-FDF7-490B-97D1-B93B47085349}.Release|iPhoneSimulator.ActiveCfg = Release|iPhoneSimulator
		{306D7612-FDF7-490B-97D1-B93B47085349}.Release|iPhoneSimulator.Build.0 = Release|iPhoneSimulator
		{4BB4B858-2D29-4413-9B15-C665C78F8855}.Debug|Any CPU.ActiveCfg = Debug|Any CPU
		{4BB4B858-2D29-4413-9B15-C665C78F8855}.Debug|Any CPU.Build.0 = Debug|Any CPU
		{4BB4B858-2D29-4413-9B15-C665C78F8855}.Debug|Any CPU.Deploy.0 = Debug|Any CPU
		{4BB4B858-2D29-4413-9B15-C665C78F8855}.Debug|iPhone.ActiveCfg = Debug|Any CPU
		{4BB4B858-2D29-4413-9B15-C665C78F8855}.Debug|iPhone.Build.0 = Debug|Any CPU
		{4BB4B858-2D29-4413-9B15-C665C78F8855}.Debug|iPhoneSimulator.ActiveCfg = Debug|Any CPU
		{4BB4B858-2D29-4413-9B15-C665C78F8855}.Debug|iPhoneSimulator.Build.0 = Debug|Any CPU
		{4BB4B858-2D29-4413-9B15-C665C78F8855}.Release|Any CPU.ActiveCfg = Release|Any CPU
		{4BB4B858-2D29-4413-9B15-C665C78F8855}.Release|Any CPU.Build.0 = Release|Any CPU
		{4BB4B858-2D29-4413-9B15-C665C78F8855}.Release|Any CPU.Deploy.0 = Release|Any CPU
		{4BB4B858-2D29-4413-9B15-C665C78F8855}.Release|iPhone.ActiveCfg = Release|Any CPU
		{4BB4B858-2D29-4413-9B15-C665C78F8855}.Release|iPhone.Build.0 = Release|Any CPU
		{4BB4B858-2D29-4413-9B15-C665C78F8855}.Release|iPhoneSimulator.ActiveCfg = Release|Any CPU
		{4BB4B858-2D29-4413-9B15-C665C78F8855}.Release|iPhoneSimulator.Build.0 = Release|Any CPU
		{67F9D3A8-F71E-4428-913F-C37AE82CDB24}.Debug|Any CPU.ActiveCfg = Debug|Any CPU
		{67F9D3A8-F71E-4428-913F-C37AE82CDB24}.Debug|Any CPU.Build.0 = Debug|Any CPU
		{67F9D3A8-F71E-4428-913F-C37AE82CDB24}.Debug|iPhone.ActiveCfg = Debug|Any CPU
		{67F9D3A8-F71E-4428-913F-C37AE82CDB24}.Debug|iPhone.Build.0 = Debug|Any CPU
		{67F9D3A8-F71E-4428-913F-C37AE82CDB24}.Debug|iPhoneSimulator.ActiveCfg = Debug|Any CPU
		{67F9D3A8-F71E-4428-913F-C37AE82CDB24}.Debug|iPhoneSimulator.Build.0 = Debug|Any CPU
		{67F9D3A8-F71E-4428-913F-C37AE82CDB24}.Release|Any CPU.ActiveCfg = Release|Any CPU
		{67F9D3A8-F71E-4428-913F-C37AE82CDB24}.Release|Any CPU.Build.0 = Release|Any CPU
		{67F9D3A8-F71E-4428-913F-C37AE82CDB24}.Release|iPhone.ActiveCfg = Release|Any CPU
		{67F9D3A8-F71E-4428-913F-C37AE82CDB24}.Release|iPhone.Build.0 = Release|Any CPU
		{67F9D3A8-F71E-4428-913F-C37AE82CDB24}.Release|iPhoneSimulator.ActiveCfg = Release|Any CPU
		{67F9D3A8-F71E-4428-913F-C37AE82CDB24}.Release|iPhoneSimulator.Build.0 = Release|Any CPU
	EndGlobalSection
	GlobalSection(SolutionProperties) = preSolution
		HideSolutionNode = FALSE
	EndGlobalSection
	GlobalSection(MonoDevelopProperties) = preSolution
		Policies = $0
		$0.DotNetNamingPolicy = $1
		$1.DirectoryNamespaceAssociation = PrefixedHierarchical
		$1.ResourceNamePolicy = FileFormatDefault
	EndGlobalSection
EndGlobal
